<?xml version="1.0" encoding="utf-8"?>
<Project ToolsVersion="4.0" xmlns="http://schemas.microsoft.com/developer/msbuild/2003">
  <ItemGroup>
    <Filter Include="Source Files">
      <UniqueIdentifier>{4FC737F1-C7A5-4376-A066-2A32D752A2FF}</UniqueIdentifier>
      <Extensions>cpp;c;cc;cxx;def;odl;idl;hpj;bat;asm;asmx</Extensions>
    </Filter>
    <Filter Include="Header Files">
      <UniqueIdentifier>{93995380-89BD-4b04-88EB-625FBE52EBFB}</UniqueIdentifier>
      <Extensions>h;hpp;hxx;hm;inl;inc;xsd</Extensions>
    </Filter>
    <Filter Include="Resource Files">
      <UniqueIdentifier>{67DA6AB6-F800-4c08-8B7A-83BB121AAD01}</UniqueIdentifier>
      <Extensions>rc;ico;cur;bmp;dlg;rc2;rct;bin;rgs;gif;jpg;jpeg;jpe;resx;tiff;tif;png;wav;mfcribbon-ms</Extensions>
    </Filter>
    <Filter Include="Source Files\xmlconfig">
      <UniqueIdentifier>{4bb056ab-61cd-4e5e-b7b8-1381f568e644}</UniqueIdentifier>
    </Filter>
    <Filter Include="Header Files\xmlconfig">
      <UniqueIdentifier>{913f1c99-e2f3-4677-a8d0-63c43f481caa}</UniqueIdentifier>
    </Filter>
    <Filter Include="Header Files\tinyxml">
      <UniqueIdentifier>{54c1faf0-c60a-4126-9d41-46ed3e361025}</UniqueIdentifier>
    </Filter>
    <Filter Include="Source Files\tinyxml">
      <UniqueIdentifier>{0730ff0a-c62d-490d-ba72-71cc32e7e152}</UniqueIdentifier>
    </Filter>
  </ItemGroup>
  <ItemGroup>
    <ClCompile Include="..\..\..\..\src\xmlconfig\xmlconfig\xmlconfigurator.cpp">
      <Filter>Source Files\xmlconfig</Filter>
    </ClCompile>
    <ClCompile Include="..\..\..\..\src\xmlconfig\tinyxml\tinystr.cpp">
      <Filter>Source Files\tinyxml</Filter>
    </ClCompile>
    <ClCompile Include="..\..\..\..\src\xmlconfig\tinyxml\tinyxml.cpp">
      <Filter>Source Files\tinyxml</Filter>
    </ClCompile>
    <ClCompile Include="..\..\..\..\src\xmlconfig\tinyxml\tinyxmlerror.cpp">
      <Filter>Source Files\tinyxml</Filter>
    </ClCompile>
    <ClCompile Include="..\..\..\..\src\xmlconfig\tinyxml\tinyxmlparser.cpp">
      <Filter>Source Files\tinyxml</Filter>
    </ClCompile>
  </ItemGroup>
  <ItemGroup>
    <ClInclude Include="..\..\..\..\include\xmlconfig\xmlconfig\xmlconfigurator.h">
      <Filter>Header Files\xmlconfig</Filter>
    </ClInclude>
    <ClInclude Include="..\..\..\..\include\xmlconfig\xmlconfig\xmlpathfinder.h">
      <Filter>Header Files\xmlconfig</Filter>
    </ClInclude>
    <ClInclude Include="..\..\..\..\include\xmlconfig\tinyxml\tinystr.h">
      <Filter>Header Files\tinyxml</Filter>
    </ClInclude>
    <ClInclude Include="..\..\..\..\include\xmlconfig\tinyxml\tinyxml.h">
      <Filter>Header Files\tinyxml</Filter>
    </ClInclude>
  </ItemGroup>
</Project>