
Microsoft Visual Studio Solution File, Format Version 11.00
# Visual Studio 2010
Project("{8BC9CEB8-8B4A-11D0-8D11-00A0C91BC942}") = "JRNN", "JRNN\JRNN.vcxproj", "{E4965A51-3BB5-470F-83AE-C73B5E419A74}"
EndProject
Project("{8BC9CEB8-8B4A-11D0-8D11-00A0C91BC942}") = "JRNN_test", "JRNN_test\JRNN_test.vcxproj", "{C27AD1F3-849D-4162-A1BD-878158CCA977}"
	ProjectSection(ProjectDependencies) = postProject
		{E4965A51-3BB5-470F-83AE-C73B5E419A74} = {E4965A51-3BB5-470F-83AE-C73B5E419A74}
		{5AACAD82-A9CC-4B0B-9C7D-749EEB893BED} = {5AACAD82-A9CC-4B0B-9C7D-749EEB893BED}
	EndProjectSection
EndProject
Project("{8BC9CEB8-8B4A-11D0-8D11-00A0C91BC942}") = "JRNN_test2", "JRNN_test2\JRNN_test2.vcxproj", "{A7C2E08F-F249-4E2A-A325-5457681F49EF}"
	ProjectSection(ProjectDependencies) = postProject
		{E4965A51-3BB5-470F-83AE-C73B5E419A74} = {E4965A51-3BB5-470F-83AE-C73B5E419A74}
		{5AACAD82-A9CC-4B0B-9C7D-749EEB893BED} = {5AACAD82-A9CC-4B0B-9C7D-749EEB893BED}
	EndProjectSection
EndProject
Project("{8BC9CEB8-8B4A-11D0-8D11-00A0C91BC942}") = "JRNN_FindLimits", "JRNN_FindLimits\JRNN_FindLimits.vcxproj", "{BA78808A-AFC0-4103-B6EA-D41C4E2A4701}"
	ProjectSection(ProjectDependencies) = postProject
		{E4965A51-3BB5-470F-83AE-C73B5E419A74} = {E4965A51-3BB5-470F-83AE-C73B5E419A74}
	EndProjectSection
EndProject
Project("{8BC9CEB8-8B4A-11D0-8D11-00A0C91BC942}") = "xmlconfig", "xmlconfig\xmlconfig.vcxproj", "{5AACAD82-A9CC-4B0B-9C7D-749EEB893BED}"
EndProject
Project("{8BC9CEB8-8B4A-11D0-8D11-00A0C91BC942}") = "JRNN_exprun", "JRNN_mtl\JRNN_mtl.vcxproj", "{121FA3D3-186E-45BA-81FB-56CEBE707710}"
	ProjectSection(ProjectDependencies) = postProject
		{E4965A51-3BB5-470F-83AE-C73B5E419A74} = {E4965A51-3BB5-470F-83AE-C73B5E419A74}
		{5AACAD82-A9CC-4B0B-9C7D-749EEB893BED} = {5AACAD82-A9CC-4B0B-9C7D-749EEB893BED}
	EndProjectSection
EndProject
Project("{2150E333-8FDC-42A3-9474-1A3956D46DE8}") = "Solution Items", "Solution Items", "{1ACE2938-CBBC-4C43-B68F-824FD031411C}"
	ProjectSection(SolutionItems) = preProject
		Performance1.psess = Performance1.psess
	EndProjectSection
EndProject
Project("{8BC9CEB8-8B4A-11D0-8D11-00A0C91BC942}") = "PyJRNN", "PyJRNN\PyJRNN.vcxproj", "{83208084-67D1-4BFF-944D-2D50BD39B44F}"
	ProjectSection(ProjectDependencies) = postProject
		{E4965A51-3BB5-470F-83AE-C73B5E419A74} = {E4965A51-3BB5-470F-83AE-C73B5E419A74}
	EndProjectSection
EndProject
Global
	GlobalSection(SolutionConfigurationPlatforms) = preSolution
		Debug_Python_Binding|Win32 = Debug_Python_Binding|Win32
		Debug|Win32 = Debug|Win32
		Release_Python_Binding|Win32 = Release_Python_Binding|Win32
		Release|Win32 = Release|Win32
	EndGlobalSection
	GlobalSection(ProjectConfigurationPlatforms) = postSolution
		{E4965A51-3BB5-470F-83AE-C73B5E419A74}.Debug_Python_Binding|Win32.ActiveCfg = Debug_Python_Binding|Win32
		{E4965A51-3BB5-470F-83AE-C73B5E419A74}.Debug_Python_Binding|Win32.Build.0 = Debug_Python_Binding|Win32
		{E4965A51-3BB5-470F-83AE-C73B5E419A74}.Debug|Win32.ActiveCfg = Debug|Win32
		{E4965A51-3BB5-470F-83AE-C73B5E419A74}.Debug|Win32.Build.0 = Debug|Win32
		{E4965A51-3BB5-470F-83AE-C73B5E419A74}.Release_Python_Binding|Win32.ActiveCfg = Release_Python_Binding|Win32
		{E4965A51-3BB5-470F-83AE-C73B5E419A74}.Release_Python_Binding|Win32.Build.0 = Release_Python_Binding|Win32
		{E4965A51-3BB5-470F-83AE-C73B5E419A74}.Release|Win32.ActiveCfg = Release|Win32
		{E4965A51-3BB5-470F-83AE-C73B5E419A74}.Release|Win32.Build.0 = Release|Win32
		{C27AD1F3-849D-4162-A1BD-878158CCA977}.Debug_Python_Binding|Win32.ActiveCfg = Debug|Win32
		{C27AD1F3-849D-4162-A1BD-878158CCA977}.Debug_Python_Binding|Win32.Build.0 = Debug|Win32
		{C27AD1F3-849D-4162-A1BD-878158CCA977}.Debug|Win32.ActiveCfg = Debug|Win32
		{C27AD1F3-849D-4162-A1BD-878158CCA977}.Debug|Win32.Build.0 = Debug|Win32
		{C27AD1F3-849D-4162-A1BD-878158CCA977}.Release_Python_Binding|Win32.ActiveCfg = Release|Win32
		{C27AD1F3-849D-4162-A1BD-878158CCA977}.Release_Python_Binding|Win32.Build.0 = Release|Win32
		{C27AD1F3-849D-4162-A1BD-878158CCA977}.Release|Win32.ActiveCfg = Release|Win32
		{C27AD1F3-849D-4162-A1BD-878158CCA977}.Release|Win32.Build.0 = Release|Win32
		{A7C2E08F-F249-4E2A-A325-5457681F49EF}.Debug_Python_Binding|Win32.ActiveCfg = Debug|Win32
		{A7C2E08F-F249-4E2A-A325-5457681F49EF}.Debug_Python_Binding|Win32.Build.0 = Debug|Win32
		{A7C2E08F-F249-4E2A-A325-5457681F49EF}.Debug|Win32.ActiveCfg = Debug|Win32
		{A7C2E08F-F249-4E2A-A325-5457681F49EF}.Debug|Win32.Build.0 = Debug|Win32
		{A7C2E08F-F249-4E2A-A325-5457681F49EF}.Release_Python_Binding|Win32.ActiveCfg = Release|Win32
		{A7C2E08F-F249-4E2A-A325-5457681F49EF}.Release_Python_Binding|Win32.Build.0 = Release|Win32
		{A7C2E08F-F249-4E2A-A325-5457681F49EF}.Release|Win32.ActiveCfg = Release|Win32
		{A7C2E08F-F249-4E2A-A325-5457681F49EF}.Release|Win32.Build.0 = Release|Win32
		{BA78808A-AFC0-4103-B6EA-D41C4E2A4701}.Debug_Python_Binding|Win32.ActiveCfg = Debug|Win32
		{BA78808A-AFC0-4103-B6EA-D41C4E2A4701}.Debug_Python_Binding|Win32.Build.0 = Debug|Win32
		{BA78808A-AFC0-4103-B6EA-D41C4E2A4701}.Debug|Win32.ActiveCfg = Debug|Win32
		{BA78808A-AFC0-4103-B6EA-D41C4E2A4701}.Debug|Win32.Build.0 = Debug|Win32
		{BA78808A-AFC0-4103-B6EA-D41C4E2A4701}.Release_Python_Binding|Win32.ActiveCfg = Release|Win32
		{BA78808A-AFC0-4103-B6EA-D41C4E2A4701}.Release_Python_Binding|Win32.Build.0 = Release|Win32
		{BA78808A-AFC0-4103-B6EA-D41C4E2A4701}.Release|Win32.ActiveCfg = Release|Win32
		{BA78808A-AFC0-4103-B6EA-D41C4E2A4701}.Release|Win32.Build.0 = Release|Win32
		{5AACAD82-A9CC-4B0B-9C7D-749EEB893BED}.Debug_Python_Binding|Win32.ActiveCfg = Debug|Win32
		{5AACAD82-A9CC-4B0B-9C7D-749EEB893BED}.Debug_Python_Binding|Win32.Build.0 = Debug|Win32
		{5AACAD82-A9CC-4B0B-9C7D-749EEB893BED}.Debug|Win32.ActiveCfg = Debug|Win32
		{5AACAD82-A9CC-4B0B-9C7D-749EEB893BED}.Debug|Win32.Build.0 = Debug|Win32
		{5AACAD82-A9CC-4B0B-9C7D-749EEB893BED}.Release_Python_Binding|Win32.ActiveCfg = Release|Win32
		{5AACAD82-A9CC-4B0B-9C7D-749EEB893BED}.Release_Python_Binding|Win32.Build.0 = Release|Win32
		{5AACAD82-A9CC-4B0B-9C7D-749EEB893BED}.Release|Win32.ActiveCfg = Release|Win32
		{5AACAD82-A9CC-4B0B-9C7D-749EEB893BED}.Release|Win32.Build.0 = Release|Win32
		{121FA3D3-186E-45BA-81FB-56CEBE707710}.Debug_Python_Binding|Win32.ActiveCfg = Debug|Win32
		{121FA3D3-186E-45BA-81FB-56CEBE707710}.Debug_Python_Binding|Win32.Build.0 = Debug|Win32
		{121FA3D3-186E-45BA-81FB-56CEBE707710}.Debug|Win32.ActiveCfg = Debug|Win32
		{121FA3D3-186E-45BA-81FB-56CEBE707710}.Debug|Win32.Build.0 = Debug|Win32
		{121FA3D3-186E-45BA-81FB-56CEBE707710}.Release_Python_Binding|Win32.ActiveCfg = Release|Win32
		{121FA3D3-186E-45BA-81FB-56CEBE707710}.Release_Python_Binding|Win32.Build.0 = Release|Win32
		{121FA3D3-186E-45BA-81FB-56CEBE707710}.Release|Win32.ActiveCfg = Release|Win32
		{121FA3D3-186E-45BA-81FB-56CEBE707710}.Release|Win32.Build.0 = Release|Win32
		{83208084-67D1-4BFF-944D-2D50BD39B44F}.Debug_Python_Binding|Win32.ActiveCfg = Debug|Win32
		{83208084-67D1-4BFF-944D-2D50BD39B44F}.Debug_Python_Binding|Win32.Build.0 = Debug|Win32
		{83208084-67D1-4BFF-944D-2D50BD39B44F}.Debug|Win32.ActiveCfg = Debug|Win32
		{83208084-67D1-4BFF-944D-2D50BD39B44F}.Debug|Win32.Build.0 = Debug|Win32
		{83208084-67D1-4BFF-944D-2D50BD39B44F}.Release_Python_Binding|Win32.ActiveCfg = Release|Win32
		{83208084-67D1-4BFF-944D-2D50BD39B44F}.Release_Python_Binding|Win32.Build.0 = Release|Win32
		{83208084-67D1-4BFF-944D-2D50BD39B44F}.Release|Win32.ActiveCfg = Release|Win32
		{83208084-67D1-4BFF-944D-2D50BD39B44F}.Release|Win32.Build.0 = Release|Win32
	EndGlobalSection
	GlobalSection(SolutionProperties) = preSolution
		HideSolutionNode = FALSE
	EndGlobalSection
EndGlobal
